
Microsoft Visual Studio Solution File, Format Version 12.00
# Visual Studio Version 16
VisualStudioVersion = 16.0.31424.327
MinimumVisualStudioVersion = 10.0.40219.1
Project("{FAE04EC0-301F-11D3-BF4B-00C04F79EFBC}") = "P323-Lab-18.05.2022", "P323-Lab-18.05.2022\P323-Lab-18.05.2022.csproj", "{B9A4BD8B-3C0F-4A0C-A05C-0C660BAFA87D}"
EndProject
Global
	GlobalSection(SolutionConfigurationPlatforms) = preSolution
		Debug|Any CPU = Debug|Any CPU
		Release|Any CPU = Release|Any CPU
	EndGlobalSection
	GlobalSection(ProjectConfigurationPlatforms) = postSolution
		{B9A4BD8B-3C0F-4A0C-A05C-0C660BAFA87D}.Debug|Any CPU.ActiveCfg = Debug|Any CPU
		{B9A4BD8B-3C0F-4A0C-A05C-0C660BAFA87D}.Debug|Any CPU.Build.0 = Debug|Any CPU
		{B9A4BD8B-3C0F-4A0C-A05C-0C660BAFA87D}.Release|Any CPU.ActiveCfg = Release|Any CPU
		{B9A4BD8B-3C0F-4A0C-A05C-0C660BAFA87D}.Release|Any CPU.Build.0 = Release|Any CPU
	EndGlobalSection
	GlobalSection(SolutionProperties) = preSolution
		HideSolutionNode = FALSE
	EndGlobalSection
	GlobalSection(ExtensibilityGlobals) = postSolution
		SolutionGuid = {899C97FF-55AF-4072-8C8D-ADE3A8ED8053}
	EndGlobalSection
EndGlobal
